
Microsoft Visual Studio Solution File, Format Version 12.00
# Visual Studio Version 16
VisualStudioVersion = 16.0.29519.87
MinimumVisualStudioVersion = 10.0.40219.1
Project("{FAE04EC0-301F-11D3-BF4B-00C04F79EFBC}") = "EGameRankGather", "EGameRankGather\EGameRankGather.csproj", "{BC7BF9C3-A35C-4361-9D8C-4DAE66261617}"
EndProject
Global
	GlobalSection(SolutionConfigurationPlatforms) = preSolution
		Debug|Any CPU = Debug|Any CPU
		Release|Any CPU = Release|Any CPU
	EndGlobalSection
	GlobalSection(ProjectConfigurationPlatforms) = postSolution
		{BC7BF9C3-A35C-4361-9D8C-4DAE66261617}.Debug|Any CPU.ActiveCfg = Debug|Any CPU
		{BC7BF9C3-A35C-4361-9D8C-4DAE66261617}.Debug|Any CPU.Build.0 = Debug|Any CPU
		{BC7BF9C3-A35C-4361-9D8C-4DAE66261617}.Release|Any CPU.ActiveCfg = Release|Any CPU
		{BC7BF9C3-A35C-4361-9D8C-4DAE66261617}.Release|Any CPU.Build.0 = Release|Any CPU
	EndGlobalSection
	GlobalSection(SolutionProperties) = preSolution
		HideSolutionNode = FALSE
	EndGlobalSection
	GlobalSection(ExtensibilityGlobals) = postSolution
		SolutionGuid = {9A104FA7-EDBB-4ED1-85D0-7D45D4C3456A}
	EndGlobalSection
EndGlobal
